
Microsoft Visual Studio Solution File, Format Version 12.00
# Visual Studio Version 16
VisualStudioVersion = 16.0.29215.179
MinimumVisualStudioVersion = 10.0.40219.1
Project("{FAE04EC0-301F-11D3-BF4B-00C04F79EFBC}") = "psi_uzduotis1", "psi_uzduotis1\psi_uzduotis1.csproj", "{38FEC263-7A49-47C6-B023-6666F105A312}"
EndProject
Global
	GlobalSection(SolutionConfigurationPlatforms) = preSolution
		Debug|Any CPU = Debug|Any CPU
		Release|Any CPU = Release|Any CPU
	EndGlobalSection
	GlobalSection(ProjectConfigurationPlatforms) = postSolution
		{38FEC263-7A49-47C6-B023-6666F105A312}.Debug|Any CPU.ActiveCfg = Debug|Any CPU
		{38FEC263-7A49-47C6-B023-6666F105A312}.Debug|Any CPU.Build.0 = Debug|Any CPU
		{38FEC263-7A49-47C6-B023-6666F105A312}.Release|Any CPU.ActiveCfg = Release|Any CPU
		{38FEC263-7A49-47C6-B023-6666F105A312}.Release|Any CPU.Build.0 = Release|Any CPU
	EndGlobalSection
	GlobalSection(SolutionProperties) = preSolution
		HideSolutionNode = FALSE
	EndGlobalSection
	GlobalSection(ExtensibilityGlobals) = postSolution
		SolutionGuid = {A5E46197-CC5C-4770-8C86-6BED62DA9C6F}
	EndGlobalSection
EndGlobal
